
Microsoft Visual Studio Solution File, Format Version 12.00
# Visual Studio Version 16
VisualStudioVersion = 16.0.30011.22
MinimumVisualStudioVersion = 10.0.40219.1
Project("{FAE04EC0-301F-11D3-BF4B-00C04F79EFBC}") = "xadrez-console", "Xadrez\xadrez-console.csproj", "{7D88580E-86BB-4A7A-B554-C9886ED6EF84}"
EndProject
Global
	GlobalSection(SolutionConfigurationPlatforms) = preSolution
		Debug|Any CPU = Debug|Any CPU
		Release|Any CPU = Release|Any CPU
	EndGlobalSection
	GlobalSection(ProjectConfigurationPlatforms) = postSolution
		{7D88580E-86BB-4A7A-B554-C9886ED6EF84}.Debug|Any CPU.ActiveCfg = Debug|Any CPU
		{7D88580E-86BB-4A7A-B554-C9886ED6EF84}.Debug|Any CPU.Build.0 = Debug|Any CPU
		{7D88580E-86BB-4A7A-B554-C9886ED6EF84}.Release|Any CPU.ActiveCfg = Release|Any CPU
		{7D88580E-86BB-4A7A-B554-C9886ED6EF84}.Release|Any CPU.Build.0 = Release|Any CPU
	EndGlobalSection
	GlobalSection(SolutionProperties) = preSolution
		HideSolutionNode = FALSE
	EndGlobalSection
	GlobalSection(ExtensibilityGlobals) = postSolution
		SolutionGuid = {E7C38E15-AFC7-47F8-ADDE-11600142B786}
	EndGlobalSection
EndGlobal
